
Microsoft Visual Studio Solution File, Format Version 12.00
# Visual Studio Version 16
VisualStudioVersion = 16.0.30225.117
MinimumVisualStudioVersion = 10.0.40219.1
Project("{FAE04EC0-301F-11D3-BF4B-00C04F79EFBC}") = "DotNetConsoleApp", "DotNetConsoleApp\DotNetConsoleApp.csproj", "{E224308A-B052-45DD-A04D-0E9FB6488099}"
EndProject
Global
	GlobalSection(SolutionConfigurationPlatforms) = preSolution
		Debug|Any CPU = Debug|Any CPU
		Release|Any CPU = Release|Any CPU
	EndGlobalSection
	GlobalSection(ProjectConfigurationPlatforms) = postSolution
		{E224308A-B052-45DD-A04D-0E9FB6488099}.Debug|Any CPU.ActiveCfg = Debug|Any CPU
		{E224308A-B052-45DD-A04D-0E9FB6488099}.Debug|Any CPU.Build.0 = Debug|Any CPU
		{E224308A-B052-45DD-A04D-0E9FB6488099}.Release|Any CPU.ActiveCfg = Release|Any CPU
		{E224308A-B052-45DD-A04D-0E9FB6488099}.Release|Any CPU.Build.0 = Release|Any CPU
	EndGlobalSection
	GlobalSection(SolutionProperties) = preSolution
		HideSolutionNode = FALSE
	EndGlobalSection
	GlobalSection(ExtensibilityGlobals) = postSolution
		SolutionGuid = {2F7474B7-AEB6-4C32-AC9D-D3B01884BF45}
	EndGlobalSection
EndGlobal
